
Microsoft Visual Studio Solution File, Format Version 12.00
Project("{F2A71F9B-5D33-465A-A702-920D77279786}") = "Ejercicio3", "Ejercicio3\Ejercicio3.fsproj", "{B017049D-D934-4376-83B9-676C1A7C80EE}"
EndProject
Global
	GlobalSection(SolutionConfigurationPlatforms) = preSolution
		Debug|Any CPU = Debug|Any CPU
		Release|Any CPU = Release|Any CPU
	EndGlobalSection
	GlobalSection(ProjectConfigurationPlatforms) = postSolution
		{B017049D-D934-4376-83B9-676C1A7C80EE}.Debug|Any CPU.ActiveCfg = Debug|Any CPU
		{B017049D-D934-4376-83B9-676C1A7C80EE}.Debug|Any CPU.Build.0 = Debug|Any CPU
		{B017049D-D934-4376-83B9-676C1A7C80EE}.Release|Any CPU.ActiveCfg = Release|Any CPU
		{B017049D-D934-4376-83B9-676C1A7C80EE}.Release|Any CPU.Build.0 = Release|Any CPU
	EndGlobalSection
EndGlobal
